<?xml version='1.0' encoding='utf-8'?>
<OpenIOC xmlns:xsd="http://www.w3.org/2001/XMLSchema" xmlns:xsi="http://www.w3.org/2001/XMLSchema-instance" xmlns="http://openioc.org/schemas/OpenIOC_1.1" id="710ec573-0b07-40a0-94b6-912af3272b08" last-modified="2014-11-18T07:15:06" published-date="0001-01-01T00:00:00">
  <metadata>
    <short_description>lateral movement (process)</short_description>
    <description>Thanks to Junichi Hatta and Tim Slaybaugh

</description>
    <keywords/>
    <authored_by>Takahiro Haruyama</authored_by>
    <authored_date>2014-02-17T09:41:39</authored_date>
    <links/>
  </metadata>
  <criteria>
    <Indicator operator="OR" id="936c00b4-6f59-433d-ba43-ca123fd83c5f">
      <Indicator id="694fb8f1-ab4e-4f58-9eea-568e0ac87127" operator="OR"><IndicatorItem preserve-case="false" negate="false" id="1459dd0b-ddce-4b4b-abad-f74c029ae71d" condition="contains"><Context document="ProcessItem" search="ProcessItem/HandleList/Handle/Name" type="volatility"/><Content type="string">psexesvc</Content></IndicatorItem><IndicatorItem id="0d682652-9686-4a78-ab03-bf4a50432baf" condition="contains" preserve-case="false" negate="false">
        <Context document="ProcessItem" search="ProcessItem/StringList/string" type="volatility"/>
        <Content type="string">software\sysinternals\psexec</Content>
      </IndicatorItem>
      <IndicatorItem id="89e5e0a7-00bd-4be2-a55c-bc3c00b5acc6" condition="contains" preserve-case="false" negate="false">
        <Context document="ProcessItem" search="ProcessItem/StringList/string" type="volatility"/>
        <Content type="string">software\sysinternals\sdelete</Content>
      </IndicatorItem>
      </Indicator><Indicator id="fbca154f-5ae2-4538-a424-e4fcc26534fb" operator="OR"><IndicatorItem id="50ddae19-58af-4202-abbd-895f89a7aaad" condition="contains" preserve-case="false" negate="false">
          <Context document="ProcessItem" search="ProcessItem/DllPath" type="volatility"/>
          <Content type="string">\mimilib.dll</Content>
        </IndicatorItem>
        <IndicatorItem id="a2ffe9af-2e6e-4ee6-ad2b-fe55808636db" condition="contains" preserve-case="false" negate="false">
        <Context document="ProcessItem" search="ProcessItem/DllPath" type="volatility"/>
        <Content type="string">\sekurlsa.dll</Content>
      </IndicatorItem>
      </Indicator><Indicator id="6b5e26e3-593a-44b3-9be2-fbe40c219d50" operator="OR"><IndicatorItem id="63b77f38-46ed-4d47-a192-5b0ac48705cc" condition="contains" preserve-case="false" negate="false">
          <Context document="ProcessItem" search="ProcessItem/DllPath" type="volatility"/>
          <Content type="string">\wceaux.dll</Content>
        </IndicatorItem>
        <IndicatorItem preserve-case="false" negate="false" id="2d579bf5-103f-498d-b1da-2c588a9aa24c" condition="contains"><Context document="ProcessItem" search="ProcessItem/HandleList/Handle/Name" type="volatility"/><Content type="string">WCEServicePipe</Content></IndicatorItem></Indicator><Indicator id="32a6e726-afcf-4e5c-bf1e-308455abb2f4" operator="OR"><IndicatorItem id="f0aa2def-6342-4d4e-8412-8e6d3ab936fb" condition="contains" preserve-case="false" negate="false">
          <Context document="ProcessItem" search="ProcessItem/DllPath" type="volatility"/>
          <Content type="string">\iamdll.dll</Content>
        </IndicatorItem>
        </Indicator><Indicator id="f60e43da-611f-4d34-97c5-fa413470261f" operator="AND"><IndicatorItem preserve-case="false" negate="false" id="f596230d-0b30-4d7d-9a33-5c4f01e7fc39" condition="contains"><Context document="ProcessItem" search="ProcessItem/SectionList/MemorySection/PEInfo/ImportedModules/Module/ImportedFunctions/string" type="volatility"/><Content type="string">SamLookupDomainInSamServer</Content></IndicatorItem><IndicatorItem preserve-case="false" negate="false" id="c7102e31-002e-4cd8-bdf3-5e64007e5a72" condition="contains"><Context document="ProcessItem" search="ProcessItem/SectionList/MemorySection/PEInfo/ImportedModules/Module/ImportedFunctions/string" type="volatility"/><Content type="string">NlpGetPrimaryCredential</Content></IndicatorItem><IndicatorItem preserve-case="false" negate="false" id="a05d439e-955e-4f75-8906-9e21d2e55f0d" condition="contains"><Context document="ProcessItem" search="ProcessItem/SectionList/MemorySection/PEInfo/ImportedModules/Module/ImportedFunctions/string" type="volatility"/><Content type="string">LsaEnumerateLogonSessions</Content></IndicatorItem><IndicatorItem preserve-case="false" negate="false" id="5f9380b7-7b1c-4da9-b6a1-feb394e7ee92" condition="contains"><Context document="ProcessItem" search="ProcessItem/SectionList/MemorySection/PEInfo/ImportedModules/Module/ImportedFunctions/string" type="volatility"/><Content type="string">SamOpenDomain</Content></IndicatorItem><IndicatorItem preserve-case="false" negate="false" id="2724e80f-3b3d-45a8-afec-c755fb0978c5" condition="contains"><Context document="ProcessItem" search="ProcessItem/SectionList/MemorySection/PEInfo/ImportedModules/Module/ImportedFunctions/string" type="volatility"/><Content type="string">SamOpenUser</Content></IndicatorItem><IndicatorItem preserve-case="false" negate="false" id="e737d7da-bdfe-457a-b5f3-bdcb59f85146" condition="contains"><Context document="ProcessItem" search="ProcessItem/SectionList/MemorySection/PEInfo/ImportedModules/Module/ImportedFunctions/string" type="volatility"/><Content type="string">SamGetPrivateData</Content></IndicatorItem><IndicatorItem preserve-case="false" negate="false" id="f5693ab1-29ad-4e2e-8b3a-a0d09928f4d9" condition="contains"><Context document="ProcessItem" search="ProcessItem/SectionList/MemorySection/PEInfo/ImportedModules/Module/ImportedFunctions/string" type="volatility"/><Content type="string">SamQueryInformationUser</Content></IndicatorItem><IndicatorItem preserve-case="false" negate="false" id="a9d5aa3b-d9ee-400f-8c44-216cc05ebcd7" condition="contains"><Context document="ProcessItem" search="ProcessItem/SectionList/MemorySection/PEInfo/ImportedModules/Module/ImportedFunctions/string" type="volatility"/><Content type="string">SamConnect</Content></IndicatorItem><IndicatorItem preserve-case="false" negate="false" id="381be69a-ccbc-4291-b9d5-3f4cee35f718" condition="contains"><Context document="ProcessItem" search="ProcessItem/SectionList/MemorySection/PEInfo/ImportedModules/Module/ImportedFunctions/string" type="volatility"/><Content type="string">SamRidToSid</Content></IndicatorItem><IndicatorItem preserve-case="false" negate="false" id="fb5cc6dc-7635-4fd6-8d6d-ee1b9f6bfa06" condition="contains"><Context document="ProcessItem" search="ProcessItem/SectionList/MemorySection/PEInfo/ImportedModules/Module/ImportedFunctions/string" type="volatility"/><Content type="string">PowerCreateRequest</Content></IndicatorItem><IndicatorItem preserve-case="false" negate="false" id="ba2b401f-f9a8-49df-8ee2-7684b84936b4" condition="contains"><Context document="ProcessItem" search="ProcessItem/EnabledPrivilege/Name" type="volatility"/><Content type="string">SeDebugPrivilege</Content></IndicatorItem></Indicator><IndicatorItem preserve-case="false" negate="false" id="0bd30a2c-a68b-45dd-8611-2c1dece51bf8" condition="matches"><Context document="ProcessItem" search="ProcessItem/name" type="volatility"/><Content type="string">^..?\.exe</Content></IndicatorItem></Indicator>
  </criteria>
  <parameters><param id="c9d576f0-1fc6-4d7c-9c9a-dc9bb153158d" ref-id="930caa55-168d-415f-8450-0b4dfb20ef18" name="detail"><value type="string">on</value></param><param id="82078824-a87d-4b52-9170-eb43a840f8d5" ref-id="0bd30a2c-a68b-45dd-8611-2c1dece51bf8" name="detail"><value type="string">on</value></param><param id="b6d702ad-4fc1-4bb1-b031-f799f8f7428c" ref-id="a31be2d2-7729-42b0-aef4-fd8ba65004c2" name="detail"><value type="string">on</value></param><param id="e23ff766-2ac8-4e41-aaed-8f6395f4cfe4" ref-id="fb37cc9f-c880-442f-bcbe-09e76f9e4360" name="detail"><value type="string">on</value></param><param id="62c9953a-68ba-44d6-8f17-7e0d7c1d8415" ref-id="3ffd7074-fc9d-467c-9afb-32e0c45fa888" name="score"><value type="integer">20</value></param><param id="f7a44794-85bf-4cbf-8932-e9c2a89ae317" ref-id="f596230d-0b30-4d7d-9a33-5c4f01e7fc39" name="score"><value type="integer">20</value></param><param id="2d82daff-a2f4-42f8-b5ef-c6b2497200b5" ref-id="c7102e31-002e-4cd8-bdf3-5e64007e5a72" name="score"><value type="integer">20</value></param><param id="14513d43-dab8-4522-9760-967f8f83882a" ref-id="a05d439e-955e-4f75-8906-9e21d2e55f0d" name="score"><value type="integer">20</value></param><param id="226e90b2-83bf-4bb2-901a-3e9b370990d3" ref-id="5f9380b7-7b1c-4da9-b6a1-feb394e7ee92" name="score"><value type="integer">20</value></param><param id="65c5a69f-026b-4ad3-a391-950d10926bb3" ref-id="2724e80f-3b3d-45a8-afec-c755fb0978c5" name="score"><value type="integer">20</value></param><param id="c3b7bbff-59ad-468f-a326-011e691d3e62" ref-id="e737d7da-bdfe-457a-b5f3-bdcb59f85146" name="score"><value type="integer">20</value></param><param id="9e978a67-8ae9-4241-9c4c-7122fe50107b" ref-id="f5693ab1-29ad-4e2e-8b3a-a0d09928f4d9" name="score"><value type="integer">20</value></param><param id="7356fe94-dfa4-4817-b039-9f19ef53f0e6" ref-id="a9d5aa3b-d9ee-400f-8c44-216cc05ebcd7" name="score"><value type="integer">20</value></param><param id="1e19305e-f965-469c-b26e-a6803001ef66" ref-id="381be69a-ccbc-4291-b9d5-3f4cee35f718" name="score"><value type="integer">20</value></param><param id="6c7b0fd7-9c03-45f3-87d1-2e4c362f23bc" ref-id="ba2b401f-f9a8-49df-8ee2-7684b84936b4" name="score"><value type="string">20</value></param><param id="ef395da8-c3e7-41d0-af7e-e59a4a492f0b" ref-id="fb5cc6dc-7635-4fd6-8d6d-ee1b9f6bfa06" name="score"><value type="string">20</value></param></parameters>
</OpenIOC>
