<?xml version='1.0' encoding='utf-8'?>
<OpenIOC xmlns:xsi="http://www.w3.org/2001/XMLSchema-instance" xmlns:xsd="http://www.w3.org/2001/XMLSchema" xmlns="http://openioc.org/schemas/OpenIOC_1.1" id="e2bd07db-dbfd-45f8-a81d-24314516d0c6" last-modified="2015-06-29T06:09:54" published-date="0001-01-01T00:00:00">
  <metadata>
    <short_description>EquationDrug HDD/SSD firmware operation (kernel,generic)</short_description>
    <description>nls_933w.dll/win32m.sys
https://securelist.com/blog/research/69203/inside-the-equationdrug-espionage-platform/</description>
    <authored_by>Takahiro Haruyama</authored_by>
    <authored_date>2015-05-07T10:20:58</authored_date>
    <links/>
  </metadata>
  <criteria>
    <Indicator id="52d21d26-3ab6-4d40-8c5d-46507d13edab" operator="OR">
      <Indicator id="3a53497f-6cc5-4d0f-a1c4-b892b75f56a7" operator="AND"><IndicatorItem preserve-case="false" negate="false" id="dc18de86-b01e-47be-9c1d-49d2c1769b15" condition="contains"><Context document="DriverItem" search="DriverItem/PEInfo/ImportedModules/Module/ImportedFunctions/string" type="volatility"/><Content type="string">WRITE_PORT_ULONG</Content></IndicatorItem><IndicatorItem preserve-case="false" negate="false" id="80b4ef92-15b1-414e-b385-e74fba8e9d1a" condition="contains"><Context document="DriverItem" search="DriverItem/PEInfo/ImportedModules/Module/ImportedFunctions/string" type="volatility"/><Content type="string">WRITE_PORT_USHORT</Content></IndicatorItem><IndicatorItem preserve-case="false" negate="false" id="93c4aee0-916e-4ccd-ac50-8388f9656540" condition="contains"><Context document="DriverItem" search="DriverItem/PEInfo/ImportedModules/Module/ImportedFunctions/string" type="volatility"/><Content type="string">WRITE_PORT_BUFFER_USHORT</Content></IndicatorItem><IndicatorItem preserve-case="false" negate="false" id="d0e47677-24df-42de-b88e-1888faabc926" condition="contains"><Context document="DriverItem" search="DriverItem/PEInfo/ImportedModules/Module/ImportedFunctions/string" type="volatility"/><Content type="string">WRITE_PORT_UCHAR</Content></IndicatorItem><IndicatorItem preserve-case="false" negate="false" id="5a2e291d-b97a-43ad-9c6c-37198b2bd61d" condition="contains"><Context document="DriverItem" search="DriverItem/PEInfo/ImportedModules/Module/ImportedFunctions/string" type="volatility"/><Content type="string">WRITE_REGISTER_UCHAR</Content></IndicatorItem><IndicatorItem preserve-case="false" negate="false" id="9501a464-b2ff-4e7a-aefb-c304d4208e53" condition="contains"><Context document="DriverItem" search="DriverItem/PEInfo/ImportedModules/Module/ImportedFunctions/string" type="volatility"/><Content type="string">WRITE_REGISTER_BUFFER_USHORT</Content></IndicatorItem><IndicatorItem preserve-case="false" negate="false" id="df8bf8f7-4e95-4cf1-917e-7a70c1cd78f6" condition="contains"><Context document="DriverItem" search="DriverItem/PEInfo/ImportedModules/Module/ImportedFunctions/string" type="volatility"/><Content type="string">WRITE_REGISTER_ULONG</Content></IndicatorItem><IndicatorItem preserve-case="false" negate="false" id="d2a81982-bebd-4fa7-8f1b-746d20062c68" condition="contains"><Context document="DriverItem" search="DriverItem/PEInfo/ImportedModules/Module/ImportedFunctions/string" type="volatility"/><Content type="string">WRITE_REGISTER_USHORT</Content></IndicatorItem><IndicatorItem preserve-case="false" negate="false" id="454ab125-2d40-4251-8ef2-74a266161e4e" condition="contains"><Context document="DriverItem" search="DriverItem/PEInfo/ImportedModules/Module/ImportedFunctions/string" type="volatility"/><Content type="string">PsCreateSystemThread</Content></IndicatorItem><IndicatorItem preserve-case="false" negate="false" id="98df6cc0-0ad0-4a13-9870-106549da56ad" condition="contains"><Context document="DriverItem" search="DriverItem/PEInfo/ImportedModules/Module/ImportedFunctions/string" type="volatility"/><Content type="string">KeInsertQueueDpc</Content></IndicatorItem><IndicatorItem preserve-case="false" negate="false" id="cc93d3ba-bdf7-4d85-825f-df25028a1ab3" condition="contains"><Context document="DriverItem" search="DriverItem/PEInfo/ImportedModules/Module/ImportedFunctions/string" type="volatility"/><Content type="string">KeRaiseIrqlToDpcLevel</Content></IndicatorItem><IndicatorItem preserve-case="false" negate="false" id="5ca72298-c307-4649-a26d-09567b5d277b" condition="is"><Context document="DriverItem" search="DriverItem/TimerRoutineIncluded" type="volatility"/><Content type="string">true</Content></IndicatorItem></Indicator></Indicator>
  </criteria>
  <parameters/>
</OpenIOC>
